// !$*UTF8*$!
{
	archiveVersion = 1;
	classes = {
	};
	objectVersion = 46;
	objects = {

/* Begin PBXBuildFile section */
		8D5B49B0048680CD000E48DA /* InfoPlist.strings in Resources */ = {isa = PBXBuildFile; fileRef = 089C167DFE841241C02AAC07 /* InfoPlist.strings */; };
		8D5B49B4048680CD000E48DA /* Cocoa.framework in Frameworks */ = {isa = PBXBuildFile; fileRef = 1058C7ADFEA557BF11CA2CBB /* Cocoa.framework */; };
		CE0094140BFB8F01006E5E4E /* FFdecsa.cc in Sources */ = {isa = PBXBuildFile; fileRef = CE0094110BFB8F01006E5E4E /* FFdecsa.cc */; };
		CE05BA350BE602B6000A605A /* Controller.mm in Sources */ = {isa = PBXBuildFile; fileRef = CE05BA340BE602B6000A605A /* Controller.mm */; };
		CEC7F1CC0BEBB67B00B87B6C /* pluginMain.mm in Sources */ = {isa = PBXBuildFile; fileRef = CEC7F1CB0BEBB67B00B87B6C /* pluginMain.mm */; };
/* End PBXBuildFile section */

/* Begin PBXFileReference section */
		089C1672FE841209C02AAC07 /* Foundation.framework */ = {isa = PBXFileReference; lastKnownFileType = wrapper.framework; name = Foundation.framework; path = /System/Library/Frameworks/Foundation.framework; sourceTree = "<absolute>"; };
		089C167EFE841241C02AAC07 /* English */ = {isa = PBXFileReference; fileEncoding = 10; lastKnownFileType = text.plist.strings; name = English; path = English.lproj/InfoPlist.strings; sourceTree = "<group>"; };
		089C167FFE841241C02AAC07 /* AppKit.framework */ = {isa = PBXFileReference; lastKnownFileType = wrapper.framework; name = AppKit.framework; path = /System/Library/Frameworks/AppKit.framework; sourceTree = "<absolute>"; };
		1058C7ADFEA557BF11CA2CBB /* Cocoa.framework */ = {isa = PBXFileReference; lastKnownFileType = wrapper.framework; name = Cocoa.framework; path = /System/Library/Frameworks/Cocoa.framework; sourceTree = "<absolute>"; };
		32DBCF630370AF2F00C91783 /* cwdwplug_Prefix.pch */ = {isa = PBXFileReference; fileEncoding = 4; lastKnownFileType = sourcecode.c.h; path = cwdwplug_Prefix.pch; sourceTree = "<group>"; };
		8D5B49B6048680CD000E48DA /* cwdwplug.bundle */ = {isa = PBXFileReference; explicitFileType = wrapper.cfbundle; includeInIndex = 0; path = cwdwplug.bundle; sourceTree = BUILT_PRODUCTS_DIR; };
		8D5B49B7048680CD000E48DA /* Info.plist */ = {isa = PBXFileReference; fileEncoding = 4; lastKnownFileType = text.plist.xml; path = Info.plist; sourceTree = "<group>"; };
		CE0094110BFB8F01006E5E4E /* FFdecsa.cc */ = {isa = PBXFileReference; fileEncoding = 0; lastKnownFileType = sourcecode.cpp.cpp; path = FFdecsa.cc; sourceTree = "<group>"; };
		CE0094120BFB8F01006E5E4E /* FFdecsa.h */ = {isa = PBXFileReference; fileEncoding = 0; lastKnownFileType = sourcecode.c.h; path = FFdecsa.h; sourceTree = "<group>"; };
		CE0094130BFB8F01006E5E4E /* parallel_128_sse2.h */ = {isa = PBXFileReference; fileEncoding = 0; lastKnownFileType = sourcecode.c.h; path = parallel_128_sse2.h; sourceTree = "<group>"; };
		CE0094290BFB9037006E5E4E /* parallel_generic.h */ = {isa = PBXFileReference; fileEncoding = 0; lastKnownFileType = sourcecode.c.h; path = parallel_generic.h; sourceTree = "<group>"; };
		CE00943E0BFB91A7006E5E4E /* fftable.h */ = {isa = PBXFileReference; fileEncoding = 0; lastKnownFileType = sourcecode.c.h; path = fftable.h; sourceTree = "<group>"; };
		CE05B9FB0BE5C0E5000A605A /* EyeTVPluginDefs.h */ = {isa = PBXFileReference; fileEncoding = 0; lastKnownFileType = sourcecode.c.h; path = EyeTVPluginDefs.h; sourceTree = "<group>"; };
		CE05BA330BE602B6000A605A /* Controller.h */ = {isa = PBXFileReference; fileEncoding = 0; lastKnownFileType = sourcecode.c.h; path = Controller.h; sourceTree = "<group>"; };
		CE05BA340BE602B6000A605A /* Controller.mm */ = {isa = PBXFileReference; fileEncoding = 0; lastKnownFileType = sourcecode.cpp.objcpp; path = Controller.mm; sourceTree = "<group>"; };
		CEA6FD070BEBC4D900C86704 /* messages.h */ = {isa = PBXFileReference; fileEncoding = 4; lastKnownFileType = sourcecode.c.h; path = messages.h; sourceTree = "<group>"; };
		CEC7F1CB0BEBB67B00B87B6C /* pluginMain.mm */ = {isa = PBXFileReference; fileEncoding = 4; lastKnownFileType = sourcecode.cpp.objcpp; path = pluginMain.mm; sourceTree = "<group>"; };
		CEF084C80C2985AC004B9588 /* parallel_032_4char.h */ = {isa = PBXFileReference; lastKnownFileType = sourcecode.c.h; path = parallel_032_4char.h; sourceTree = "<group>"; };
		CEF084C90C2985AC004B9588 /* parallel_032_4charA.h */ = {isa = PBXFileReference; lastKnownFileType = sourcecode.c.h; path = parallel_032_4charA.h; sourceTree = "<group>"; };
		CEF084CA0C2985AC004B9588 /* parallel_032_int.h */ = {isa = PBXFileReference; lastKnownFileType = sourcecode.c.h; path = parallel_032_int.h; sourceTree = "<group>"; };
		CEF084CB0C2985AC004B9588 /* parallel_064_2int.h */ = {isa = PBXFileReference; lastKnownFileType = sourcecode.c.h; path = parallel_064_2int.h; sourceTree = "<group>"; };
		CEF084CC0C2985AC004B9588 /* parallel_064_8char.h */ = {isa = PBXFileReference; lastKnownFileType = sourcecode.c.h; path = parallel_064_8char.h; sourceTree = "<group>"; };
		CEF084CD0C2985AC004B9588 /* parallel_064_8charA.h */ = {isa = PBXFileReference; lastKnownFileType = sourcecode.c.h; path = parallel_064_8charA.h; sourceTree = "<group>"; };
		CEF084CE0C2985AC004B9588 /* parallel_064_long.h */ = {isa = PBXFileReference; lastKnownFileType = sourcecode.c.h; path = parallel_064_long.h; sourceTree = "<group>"; };
		CEF084CF0C2985AC004B9588 /* parallel_064_mmx.h */ = {isa = PBXFileReference; lastKnownFileType = sourcecode.c.h; path = parallel_064_mmx.h; sourceTree = "<group>"; };
		CEF084D00C2985AC004B9588 /* parallel_128_2long.h */ = {isa = PBXFileReference; lastKnownFileType = sourcecode.c.h; path = parallel_128_2long.h; sourceTree = "<group>"; };
		CEF084D10C2985AC004B9588 /* parallel_128_2mmx.h */ = {isa = PBXFileReference; lastKnownFileType = sourcecode.c.h; path = parallel_128_2mmx.h; sourceTree = "<group>"; };
		CEF084D20C2985AC004B9588 /* parallel_128_4int.h */ = {isa = PBXFileReference; lastKnownFileType = sourcecode.c.h; path = parallel_128_4int.h; sourceTree = "<group>"; };
		CEF084D30C2985AC004B9588 /* parallel_128_16char.h */ = {isa = PBXFileReference; lastKnownFileType = sourcecode.c.h; path = parallel_128_16char.h; sourceTree = "<group>"; };
		CEF084D40C2985AC004B9588 /* parallel_128_16charA.h */ = {isa = PBXFileReference; lastKnownFileType = sourcecode.c.h; path = parallel_128_16charA.h; sourceTree = "<group>"; };
		CEF084D50C2985AC004B9588 /* parallel_128_sse.h */ = {isa = PBXFileReference; lastKnownFileType = sourcecode.c.h; path = parallel_128_sse.h; sourceTree = "<group>"; };
		CEF084DC0C298615004B9588 /* parallel_std_def.h */ = {isa = PBXFileReference; fileEncoding = 0; lastKnownFileType = sourcecode.c.h; path = parallel_std_def.h; sourceTree = "<group>"; };
		D2F7E65807B2D6F200F64583 /* CoreData.framework */ = {isa = PBXFileReference; lastKnownFileType = wrapper.framework; name = CoreData.framework; path = /System/Library/Frameworks/CoreData.framework; sourceTree = "<absolute>"; };
/* End PBXFileReference section */

/* Begin PBXFrameworksBuildPhase section */
		8D5B49B3048680CD000E48DA /* Frameworks */ = {
			isa = PBXFrameworksBuildPhase;
			buildActionMask = 2147483647;
			files = (
				8D5B49B4048680CD000E48DA /* Cocoa.framework in Frameworks */,
			);
			runOnlyForDeploymentPostprocessing = 0;
		};
/* End PBXFrameworksBuildPhase section */

/* Begin PBXGroup section */
		089C166AFE841209C02AAC07 /* cwdwplug */ = {
			isa = PBXGroup;
			children = (
				CEC7F1CB0BEBB67B00B87B6C /* pluginMain.mm */,
				CEA6FD070BEBC4D900C86704 /* messages.h */,
				CE05B9FB0BE5C0E5000A605A /* EyeTVPluginDefs.h */,
				08FB77AFFE84173DC02AAC07 /* Classes */,
				32C88E010371C26100C91783 /* Other Sources */,
				089C167CFE841241C02AAC07 /* Resources */,
				089C1671FE841209C02AAC07 /* Frameworks and Libraries */,
			);
			name = cwdwplug;
			sourceTree = "<group>";
		};
		089C1671FE841209C02AAC07 /* Frameworks and Libraries */ = {
			isa = PBXGroup;
			children = (
				1058C7ACFEA557BF11CA2CBB /* Linked Frameworks */,
				1058C7AEFEA557BF11CA2CBB /* Other Frameworks */,
			);
			name = "Frameworks and Libraries";
			sourceTree = "<group>";
		};
		089C167CFE841241C02AAC07 /* Resources */ = {
			isa = PBXGroup;
			children = (
				19C28FB8FE9D52D311CA2CBB /* Products */,
				8D5B49B7048680CD000E48DA /* Info.plist */,
				089C167DFE841241C02AAC07 /* InfoPlist.strings */,
			);
			name = Resources;
			sourceTree = "<group>";
		};
		08FB77AFFE84173DC02AAC07 /* Classes */ = {
			isa = PBXGroup;
			children = (
				CE05BA330BE602B6000A605A /* Controller.h */,
				CE05BA340BE602B6000A605A /* Controller.mm */,
			);
			name = Classes;
			sourceTree = "<group>";
		};
		1058C7ACFEA557BF11CA2CBB /* Linked Frameworks */ = {
			isa = PBXGroup;
			children = (
				1058C7ADFEA557BF11CA2CBB /* Cocoa.framework */,
			);
			name = "Linked Frameworks";
			sourceTree = "<group>";
		};
		1058C7AEFEA557BF11CA2CBB /* Other Frameworks */ = {
			isa = PBXGroup;
			children = (
				089C167FFE841241C02AAC07 /* AppKit.framework */,
				D2F7E65807B2D6F200F64583 /* CoreData.framework */,
				089C1672FE841209C02AAC07 /* Foundation.framework */,
			);
			name = "Other Frameworks";
			sourceTree = "<group>";
		};
		19C28FB8FE9D52D311CA2CBB /* Products */ = {
			isa = PBXGroup;
			children = (
				8D5B49B6048680CD000E48DA /* cwdwplug.bundle */,
			);
			name = Products;
			sourceTree = "<group>";
		};
		32C88E010371C26100C91783 /* Other Sources */ = {
			isa = PBXGroup;
			children = (
				CE0094100BFB8F01006E5E4E /* FFdecsa */,
				32DBCF630370AF2F00C91783 /* cwdwplug_Prefix.pch */,
			);
			name = "Other Sources";
			sourceTree = "<group>";
		};
		CE0094100BFB8F01006E5E4E /* FFdecsa */ = {
			isa = PBXGroup;
			children = (
				CEF084DC0C298615004B9588 /* parallel_std_def.h */,
				CEF084C80C2985AC004B9588 /* parallel_032_4char.h */,
				CEF084C90C2985AC004B9588 /* parallel_032_4charA.h */,
				CEF084CA0C2985AC004B9588 /* parallel_032_int.h */,
				CEF084CB0C2985AC004B9588 /* parallel_064_2int.h */,
				CEF084CC0C2985AC004B9588 /* parallel_064_8char.h */,
				CEF084CD0C2985AC004B9588 /* parallel_064_8charA.h */,
				CEF084CE0C2985AC004B9588 /* parallel_064_long.h */,
				CEF084CF0C2985AC004B9588 /* parallel_064_mmx.h */,
				CEF084D00C2985AC004B9588 /* parallel_128_2long.h */,
				CEF084D10C2985AC004B9588 /* parallel_128_2mmx.h */,
				CEF084D20C2985AC004B9588 /* parallel_128_4int.h */,
				CEF084D30C2985AC004B9588 /* parallel_128_16char.h */,
				CEF084D40C2985AC004B9588 /* parallel_128_16charA.h */,
				CEF084D50C2985AC004B9588 /* parallel_128_sse.h */,
				CE00943E0BFB91A7006E5E4E /* fftable.h */,
				CE0094290BFB9037006E5E4E /* parallel_generic.h */,
				CE0094110BFB8F01006E5E4E /* FFdecsa.cc */,
				CE0094120BFB8F01006E5E4E /* FFdecsa.h */,
				CE0094130BFB8F01006E5E4E /* parallel_128_sse2.h */,
			);
			path = FFdecsa;
			sourceTree = "<group>";
		};
/* End PBXGroup section */

/* Begin PBXNativeTarget section */
		8D5B49AC048680CD000E48DA /* cwdwplug */ = {
			isa = PBXNativeTarget;
			buildConfigurationList = 1DEB913A08733D840010E9CD /* Build configuration list for PBXNativeTarget "cwdwplug" */;
			buildPhases = (
				8D5B49AF048680CD000E48DA /* Resources */,
				8D5B49B1048680CD000E48DA /* Sources */,
				8D5B49B3048680CD000E48DA /* Frameworks */,
			);
			buildRules = (
			);
			comments = "EyeTV plugin, contains PID filter, TS descrambler engine, interface to eyetvCamd.app.";
			dependencies = (
			);
			name = cwdwplug;
			productInstallPath = "$(HOME)/Library/Bundles";
			productName = cwdwplug;
			productReference = 8D5B49B6048680CD000E48DA /* cwdwplug.bundle */;
			productType = "com.apple.product-type.bundle";
		};
/* End PBXNativeTarget section */

/* Begin PBXProject section */
		089C1669FE841209C02AAC07 /* Project object */ = {
			isa = PBXProject;
			buildConfigurationList = 1DEB913E08733D840010E9CD /* Build configuration list for PBXProject "cwdwplug" */;
			compatibilityVersion = "Xcode 3.2";
			developmentRegion = English;
			hasScannedForEncodings = 1;
			knownRegions = (
				English,
				Japanese,
				French,
				German,
			);
			mainGroup = 089C166AFE841209C02AAC07 /* cwdwplug */;
			projectDirPath = "";
			projectRoot = "";
			targets = (
				8D5B49AC048680CD000E48DA /* cwdwplug */,
			);
		};
/* End PBXProject section */

/* Begin PBXResourcesBuildPhase section */
		8D5B49AF048680CD000E48DA /* Resources */ = {
			isa = PBXResourcesBuildPhase;
			buildActionMask = 2147483647;
			files = (
				8D5B49B0048680CD000E48DA /* InfoPlist.strings in Resources */,
			);
			runOnlyForDeploymentPostprocessing = 0;
		};
/* End PBXResourcesBuildPhase section */

/* Begin PBXSourcesBuildPhase section */
		8D5B49B1048680CD000E48DA /* Sources */ = {
			isa = PBXSourcesBuildPhase;
			buildActionMask = 2147483647;
			files = (
				CE05BA350BE602B6000A605A /* Controller.mm in Sources */,
				CEC7F1CC0BEBB67B00B87B6C /* pluginMain.mm in Sources */,
				CE0094140BFB8F01006E5E4E /* FFdecsa.cc in Sources */,
			);
			runOnlyForDeploymentPostprocessing = 0;
		};
/* End PBXSourcesBuildPhase section */

/* Begin PBXVariantGroup section */
		089C167DFE841241C02AAC07 /* InfoPlist.strings */ = {
			isa = PBXVariantGroup;
			children = (
				089C167EFE841241C02AAC07 /* English */,
			);
			name = InfoPlist.strings;
			sourceTree = "<group>";
		};
/* End PBXVariantGroup section */

/* Begin XCBuildConfiguration section */
		1DEB913B08733D840010E9CD /* Debug */ = {
			isa = XCBuildConfiguration;
			buildSettings = {
				ARCHS = "$(ARCHS_STANDARD_32_64_BIT)";
				COPY_PHASE_STRIP = NO;
				GCC_DYNAMIC_NO_PIC = NO;
				GCC_ENABLE_FIX_AND_CONTINUE = YES;
				GCC_MODEL_TUNING = G5;
				GCC_OPTIMIZATION_LEVEL = 3;
				GCC_PRECOMPILE_PREFIX_HEADER = YES;
				GCC_PREFIX_HEADER = cwdwplug_Prefix.pch;
				INFOPLIST_FILE = Info.plist;
				INSTALL_PATH = "$(HOME)/Library/Bundles";
				OTHER_CFLAGS = (
					"-msse2",
					"-fomit-frame-pointer",
					"-fexpensive-optimizations",
					"-funroll-loops",
				);
				PRODUCT_NAME = cwdwplug;
				SDKROOT = macosx10.6;
				WRAPPER_EXTENSION = bundle;
				ZERO_LINK = YES;
			};
			name = Debug;
		};
		1DEB913C08733D840010E9CD /* Release */ = {
			isa = XCBuildConfiguration;
			buildSettings = {
				ARCHS = "$(ARCHS_STANDARD_32_64_BIT)";
				GCC_GENERATE_DEBUGGING_SYMBOLS = NO;
				GCC_MODEL_TUNING = G5;
				GCC_OPTIMIZATION_LEVEL = 3;
				GCC_PRECOMPILE_PREFIX_HEADER = YES;
				GCC_PREFIX_HEADER = cwdwplug_Prefix.pch;
				INFOPLIST_FILE = Info.plist;
				INSTALL_PATH = "$(HOME)/Library/Bundles";
				OTHER_CFLAGS = (
					"-msse2",
					"-fomit-frame-pointer",
					"-fexpensive-optimizations",
					"-funroll-loops",
				);
				PRODUCT_NAME = cwdwplug;
				SDKROOT = macosx10.6;
				VALID_ARCHS = "ppc64 ppc7400 ppc970 i386 x86_64 ppc";
				WRAPPER_EXTENSION = bundle;
			};
			name = Release;
		};
		1DEB913F08733D840010E9CD /* Debug */ = {
			isa = XCBuildConfiguration;
			buildSettings = {
				ARCHS = "$(ARCHS_STANDARD_32_64_BIT)";
				GCC_OPTIMIZATION_LEVEL = 3;
				GCC_VERSION = "";
				GCC_WARN_ABOUT_RETURN_TYPE = YES;
				GCC_WARN_UNUSED_VARIABLE = YES;
				ONLY_ACTIVE_ARCH = NO;
				OTHER_CFLAGS = "-DDEBUG=1";
				PREBINDING = NO;
				SDKROOT = macosx10.6;
			};
			name = Debug;
		};
		1DEB914008733D840010E9CD /* Release */ = {
			isa = XCBuildConfiguration;
			buildSettings = {
				ARCHS = "$(ARCHS_STANDARD_32_64_BIT)";
				GCC_ENABLE_SSE3_EXTENSIONS = YES;
				GCC_ENABLE_SUPPLEMENTAL_SSE3_INSTRUCTIONS = YES;
				GCC_OPTIMIZATION_LEVEL = 3;
				GCC_UNROLL_LOOPS = YES;
				GCC_VERSION = "";
				GCC_WARN_ABOUT_RETURN_TYPE = YES;
				GCC_WARN_UNUSED_VARIABLE = YES;
				ONLY_ACTIVE_ARCH = NO;
				OTHER_CFLAGS = "";
				PREBINDING = NO;
				SDKROOT = macosx10.6;
			};
			name = Release;
		};
/* End XCBuildConfiguration section */

/* Begin XCConfigurationList section */
		1DEB913A08733D840010E9CD /* Build configuration list for PBXNativeTarget "cwdwplug" */ = {
			isa = XCConfigurationList;
			buildConfigurations = (
				1DEB913B08733D840010E9CD /* Debug */,
				1DEB913C08733D840010E9CD /* Release */,
			);
			defaultConfigurationIsVisible = 0;
			defaultConfigurationName = Release;
		};
		1DEB913E08733D840010E9CD /* Build configuration list for PBXProject "cwdwplug" */ = {
			isa = XCConfigurationList;
			buildConfigurations = (
				1DEB913F08733D840010E9CD /* Debug */,
				1DEB914008733D840010E9CD /* Release */,
			);
			defaultConfigurationIsVisible = 0;
			defaultConfigurationName = Release;
		};
/* End XCConfigurationList section */
	};
	rootObject = 089C1669FE841209C02AAC07 /* Project object */;
}
